
Microsoft Visual Studio Solution File, Format Version 12.00
# Visual Studio Version 17
VisualStudioVersion = 17.0.32014.148
MinimumVisualStudioVersion = 10.0.40219.1
Project("{FAE04EC0-301F-11D3-BF4B-00C04F79EFBC}") = "DiscordWelcomeBot", "DiscordWelcomeBot\DiscordWelcomeBot.csproj", "{0125E4FB-C3ED-439A-AF6D-0F746DBD8FD3}"
EndProject
Global
	GlobalSection(SolutionConfigurationPlatforms) = preSolution
		Debug|Any CPU = Debug|Any CPU
		Release|Any CPU = Release|Any CPU
	EndGlobalSection
	GlobalSection(ProjectConfigurationPlatforms) = postSolution
		{0125E4FB-C3ED-439A-AF6D-0F746DBD8FD3}.Debug|Any CPU.ActiveCfg = Debug|Any CPU
		{0125E4FB-C3ED-439A-AF6D-0F746DBD8FD3}.Debug|Any CPU.Build.0 = Debug|Any CPU
		{0125E4FB-C3ED-439A-AF6D-0F746DBD8FD3}.Release|Any CPU.ActiveCfg = Release|Any CPU
		{0125E4FB-C3ED-439A-AF6D-0F746DBD8FD3}.Release|Any CPU.Build.0 = Release|Any CPU
	EndGlobalSection
	GlobalSection(SolutionProperties) = preSolution
		HideSolutionNode = FALSE
	EndGlobalSection
	GlobalSection(ExtensibilityGlobals) = postSolution
		SolutionGuid = {74D98EB4-67D9-4627-9D7C-E01EB33600C1}
	EndGlobalSection
EndGlobal
